// !$*UTF8*$!
{
	archiveVersion = 1;
	classes = {
	};
	objectVersion = 56;
	objects = {

/* Begin PBXBuildFile section */
		500E4E802A4B33B000A747AF /* PeddleDisassembler.cpp in Sources */ = {isa = PBXBuildFile; fileRef = 500E4E7E2A4B33B000A747AF /* PeddleDisassembler.cpp */; };
		500E4E832A4B346D00A747AF /* StrWriter.cpp in Sources */ = {isa = PBXBuildFile; fileRef = 500E4E822A4B346D00A747AF /* StrWriter.cpp */; };
		5044C5DF2932294100F4A413 /* Peddle.cpp in Sources */ = {isa = PBXBuildFile; fileRef = 5044C5D72932294000F4A413 /* Peddle.cpp */; };
		5044C5E02932294100F4A413 /* PeddleDebugger.cpp in Sources */ = {isa = PBXBuildFile; fileRef = 5044C5D92932294100F4A413 /* PeddleDebugger.cpp */; };
		50D1EA0B292D3C0E008E1415 /* main.cpp in Sources */ = {isa = PBXBuildFile; fileRef = 50D1EA0A292D3C0E008E1415 /* main.cpp */; };
/* End PBXBuildFile section */

/* Begin PBXCopyFilesBuildPhase section */
		50D1EA05292D3C0E008E1415 /* CopyFiles */ = {
			isa = PBXCopyFilesBuildPhase;
			buildActionMask = 2147483647;
			dstPath = /usr/share/man/man1/;
			dstSubfolderSpec = 0;
			files = (
			);
			runOnlyForDeploymentPostprocessing = 1;
		};
/* End PBXCopyFilesBuildPhase section */

/* Begin PBXFileReference section */
		500E4E7E2A4B33B000A747AF /* PeddleDisassembler.cpp */ = {isa = PBXFileReference; fileEncoding = 4; lastKnownFileType = sourcecode.cpp.cpp; path = PeddleDisassembler.cpp; sourceTree = "<group>"; };
		500E4E7F2A4B33B000A747AF /* PeddleDisassembler.h */ = {isa = PBXFileReference; fileEncoding = 4; lastKnownFileType = sourcecode.c.h; path = PeddleDisassembler.h; sourceTree = "<group>"; };
		500E4E812A4B346D00A747AF /* StrWriter.h */ = {isa = PBXFileReference; fileEncoding = 4; lastKnownFileType = sourcecode.c.h; path = StrWriter.h; sourceTree = "<group>"; };
		500E4E822A4B346D00A747AF /* StrWriter.cpp */ = {isa = PBXFileReference; fileEncoding = 4; lastKnownFileType = sourcecode.cpp.cpp; path = StrWriter.cpp; sourceTree = "<group>"; };
		5044C5D32932294000F4A413 /* PeddleInit_cpp.h */ = {isa = PBXFileReference; fileEncoding = 4; lastKnownFileType = sourcecode.c.h; path = PeddleInit_cpp.h; sourceTree = "<group>"; };
		5044C5D42932294000F4A413 /* PeddleConfig.h */ = {isa = PBXFileReference; fileEncoding = 4; lastKnownFileType = sourcecode.c.h; path = PeddleConfig.h; sourceTree = "<group>"; };
		5044C5D52932294000F4A413 /* PeddleTypes.h */ = {isa = PBXFileReference; fileEncoding = 4; lastKnownFileType = sourcecode.c.h; path = PeddleTypes.h; sourceTree = "<group>"; };
		5044C5D62932294000F4A413 /* PeddleMacros.h */ = {isa = PBXFileReference; fileEncoding = 4; lastKnownFileType = sourcecode.c.h; path = PeddleMacros.h; sourceTree = "<group>"; };
		5044C5D72932294000F4A413 /* Peddle.cpp */ = {isa = PBXFileReference; fileEncoding = 4; lastKnownFileType = sourcecode.cpp.cpp; path = Peddle.cpp; sourceTree = "<group>"; };
		5044C5D82932294000F4A413 /* Peddle.h */ = {isa = PBXFileReference; fileEncoding = 4; lastKnownFileType = sourcecode.c.h; path = Peddle.h; sourceTree = "<group>"; };
		5044C5D92932294100F4A413 /* PeddleDebugger.cpp */ = {isa = PBXFileReference; fileEncoding = 4; lastKnownFileType = sourcecode.cpp.cpp; path = PeddleDebugger.cpp; sourceTree = "<group>"; };
		5044C5DA2932294100F4A413 /* PeddleDebugger.h */ = {isa = PBXFileReference; fileEncoding = 4; lastKnownFileType = sourcecode.c.h; path = PeddleDebugger.h; sourceTree = "<group>"; };
		5044C5DB2932294100F4A413 /* CMakeLists.txt */ = {isa = PBXFileReference; fileEncoding = 4; lastKnownFileType = text; path = CMakeLists.txt; sourceTree = "<group>"; };
		5044C5DC2932294100F4A413 /* PeddleExec_cpp.h */ = {isa = PBXFileReference; fileEncoding = 4; lastKnownFileType = sourcecode.c.h; path = PeddleExec_cpp.h; sourceTree = "<group>"; };
		5044C5DD2932294100F4A413 /* PeddleMemory_cpp.h */ = {isa = PBXFileReference; fileEncoding = 4; lastKnownFileType = sourcecode.c.h; path = PeddleMemory_cpp.h; sourceTree = "<group>"; };
		5044C5E3293229B900F4A413 /* PeddleUtils.h */ = {isa = PBXFileReference; lastKnownFileType = sourcecode.c.h; path = PeddleUtils.h; sourceTree = "<group>"; };
		5044C5E429324D1300F4A413 /* CMakeLists.txt */ = {isa = PBXFileReference; lastKnownFileType = text; path = CMakeLists.txt; sourceTree = "<group>"; };
		50D1EA07292D3C0E008E1415 /* Peddle */ = {isa = PBXFileReference; explicitFileType = "compiled.mach-o.executable"; includeInIndex = 0; path = Peddle; sourceTree = BUILT_PRODUCTS_DIR; };
		50D1EA0A292D3C0E008E1415 /* main.cpp */ = {isa = PBXFileReference; lastKnownFileType = sourcecode.cpp.cpp; path = main.cpp; sourceTree = "<group>"; };
/* End PBXFileReference section */

/* Begin PBXFrameworksBuildPhase section */
		50D1EA04292D3C0E008E1415 /* Frameworks */ = {
			isa = PBXFrameworksBuildPhase;
			buildActionMask = 2147483647;
			files = (
			);
			runOnlyForDeploymentPostprocessing = 0;
		};
/* End PBXFrameworksBuildPhase section */

/* Begin PBXGroup section */
		50D1E9FE292D3C0E008E1415 = {
			isa = PBXGroup;
			children = (
				5044C5E429324D1300F4A413 /* CMakeLists.txt */,
				50D1EA0A292D3C0E008E1415 /* main.cpp */,
				50D1EA09292D3C0E008E1415 /* Peddle */,
				50D1EA08292D3C0E008E1415 /* Products */,
			);
			sourceTree = "<group>";
		};
		50D1EA08292D3C0E008E1415 /* Products */ = {
			isa = PBXGroup;
			children = (
				50D1EA07292D3C0E008E1415 /* Peddle */,
			);
			name = Products;
			sourceTree = "<group>";
		};
		50D1EA09292D3C0E008E1415 /* Peddle */ = {
			isa = PBXGroup;
			children = (
				5044C5DB2932294100F4A413 /* CMakeLists.txt */,
				5044C5D42932294000F4A413 /* PeddleConfig.h */,
				5044C5D52932294000F4A413 /* PeddleTypes.h */,
				5044C5E3293229B900F4A413 /* PeddleUtils.h */,
				5044C5D62932294000F4A413 /* PeddleMacros.h */,
				5044C5D82932294000F4A413 /* Peddle.h */,
				5044C5D72932294000F4A413 /* Peddle.cpp */,
				5044C5D32932294000F4A413 /* PeddleInit_cpp.h */,
				5044C5DD2932294100F4A413 /* PeddleMemory_cpp.h */,
				5044C5DC2932294100F4A413 /* PeddleExec_cpp.h */,
				5044C5DA2932294100F4A413 /* PeddleDebugger.h */,
				5044C5D92932294100F4A413 /* PeddleDebugger.cpp */,
				500E4E7E2A4B33B000A747AF /* PeddleDisassembler.cpp */,
				500E4E7F2A4B33B000A747AF /* PeddleDisassembler.h */,
				500E4E822A4B346D00A747AF /* StrWriter.cpp */,
				500E4E812A4B346D00A747AF /* StrWriter.h */,
			);
			path = Peddle;
			sourceTree = "<group>";
		};
/* End PBXGroup section */

/* Begin PBXNativeTarget section */
		50D1EA06292D3C0E008E1415 /* Peddle */ = {
			isa = PBXNativeTarget;
			buildConfigurationList = 50D1EA0E292D3C0E008E1415 /* Build configuration list for PBXNativeTarget "Peddle" */;
			buildPhases = (
				50D1EA03292D3C0E008E1415 /* Sources */,
				50D1EA04292D3C0E008E1415 /* Frameworks */,
				50D1EA05292D3C0E008E1415 /* CopyFiles */,
			);
			buildRules = (
			);
			dependencies = (
			);
			name = Peddle;
			productName = Peddle;
			productReference = 50D1EA07292D3C0E008E1415 /* Peddle */;
			productType = "com.apple.product-type.tool";
		};
/* End PBXNativeTarget section */

/* Begin PBXProject section */
		50D1E9FF292D3C0E008E1415 /* Project object */ = {
			isa = PBXProject;
			attributes = {
				BuildIndependentTargetsInParallel = 1;
				LastUpgradeCheck = 1410;
				TargetAttributes = {
					50D1EA06292D3C0E008E1415 = {
						CreatedOnToolsVersion = 14.1;
					};
				};
			};
			buildConfigurationList = 50D1EA02292D3C0E008E1415 /* Build configuration list for PBXProject "Peddle" */;
			compatibilityVersion = "Xcode 14.0";
			developmentRegion = en;
			hasScannedForEncodings = 0;
			knownRegions = (
				en,
				Base,
			);
			mainGroup = 50D1E9FE292D3C0E008E1415;
			productRefGroup = 50D1EA08292D3C0E008E1415 /* Products */;
			projectDirPath = "";
			projectRoot = "";
			targets = (
				50D1EA06292D3C0E008E1415 /* Peddle */,
			);
		};
/* End PBXProject section */

/* Begin PBXSourcesBuildPhase section */
		50D1EA03292D3C0E008E1415 /* Sources */ = {
			isa = PBXSourcesBuildPhase;
			buildActionMask = 2147483647;
			files = (
				50D1EA0B292D3C0E008E1415 /* main.cpp in Sources */,
				500E4E832A4B346D00A747AF /* StrWriter.cpp in Sources */,
				5044C5E02932294100F4A413 /* PeddleDebugger.cpp in Sources */,
				5044C5DF2932294100F4A413 /* Peddle.cpp in Sources */,
				500E4E802A4B33B000A747AF /* PeddleDisassembler.cpp in Sources */,
			);
			runOnlyForDeploymentPostprocessing = 0;
		};
/* End PBXSourcesBuildPhase section */

/* Begin XCBuildConfiguration section */
		50D1EA0C292D3C0E008E1415 /* Debug */ = {
			isa = XCBuildConfiguration;
			buildSettings = {
				ALWAYS_SEARCH_USER_PATHS = NO;
				CLANG_ANALYZER_NONNULL = YES;
				CLANG_ANALYZER_NUMBER_OBJECT_CONVERSION = YES_AGGRESSIVE;
				CLANG_CXX_LANGUAGE_STANDARD = "gnu++20";
				CLANG_ENABLE_MODULES = YES;
				CLANG_ENABLE_OBJC_ARC = YES;
				CLANG_ENABLE_OBJC_WEAK = YES;
				CLANG_WARN_BLOCK_CAPTURE_AUTORELEASING = YES;
				CLANG_WARN_BOOL_CONVERSION = YES;
				CLANG_WARN_COMMA = YES;
				CLANG_WARN_CONSTANT_CONVERSION = YES;
				CLANG_WARN_DEPRECATED_OBJC_IMPLEMENTATIONS = YES;
				CLANG_WARN_DIRECT_OBJC_ISA_USAGE = YES_ERROR;
				CLANG_WARN_DOCUMENTATION_COMMENTS = YES;
				CLANG_WARN_EMPTY_BODY = YES;
				CLANG_WARN_ENUM_CONVERSION = YES;
				CLANG_WARN_INFINITE_RECURSION = YES;
				CLANG_WARN_INT_CONVERSION = YES;
				CLANG_WARN_NON_LITERAL_NULL_CONVERSION = YES;
				CLANG_WARN_OBJC_IMPLICIT_RETAIN_SELF = YES;
				CLANG_WARN_OBJC_LITERAL_CONVERSION = YES;
				CLANG_WARN_OBJC_ROOT_CLASS = YES_ERROR;
				CLANG_WARN_QUOTED_INCLUDE_IN_FRAMEWORK_HEADER = YES;
				CLANG_WARN_RANGE_LOOP_ANALYSIS = YES;
				CLANG_WARN_STRICT_PROTOTYPES = YES;
				CLANG_WARN_SUSPICIOUS_MOVE = YES;
				CLANG_WARN_UNGUARDED_AVAILABILITY = YES_AGGRESSIVE;
				CLANG_WARN_UNREACHABLE_CODE = YES;
				CLANG_WARN__DUPLICATE_METHOD_MATCH = YES;
				COPY_PHASE_STRIP = NO;
				DEBUG_INFORMATION_FORMAT = dwarf;
				ENABLE_STRICT_OBJC_MSGSEND = YES;
				ENABLE_TESTABILITY = YES;
				GCC_C_LANGUAGE_STANDARD = gnu11;
				GCC_DYNAMIC_NO_PIC = NO;
				GCC_NO_COMMON_BLOCKS = YES;
				GCC_OPTIMIZATION_LEVEL = 0;
				GCC_PREPROCESSOR_DEFINITIONS = (
					"DEBUG=1",
					"$(inherited)",
				);
				GCC_WARN_64_TO_32_BIT_CONVERSION = YES;
				GCC_WARN_ABOUT_RETURN_TYPE = YES_ERROR;
				GCC_WARN_UNDECLARED_SELECTOR = YES;
				GCC_WARN_UNINITIALIZED_AUTOS = YES_AGGRESSIVE;
				GCC_WARN_UNUSED_FUNCTION = YES;
				GCC_WARN_UNUSED_VARIABLE = YES;
				MACOSX_DEPLOYMENT_TARGET = 13.0;
				MTL_ENABLE_DEBUG_INFO = INCLUDE_SOURCE;
				MTL_FAST_MATH = YES;
				ONLY_ACTIVE_ARCH = YES;
				SDKROOT = macosx;
			};
			name = Debug;
		};
		50D1EA0D292D3C0E008E1415 /* Release */ = {
			isa = XCBuildConfiguration;
			buildSettings = {
				ALWAYS_SEARCH_USER_PATHS = NO;
				CLANG_ANALYZER_NONNULL = YES;
				CLANG_ANALYZER_NUMBER_OBJECT_CONVERSION = YES_AGGRESSIVE;
				CLANG_CXX_LANGUAGE_STANDARD = "gnu++20";
				CLANG_ENABLE_MODULES = YES;
				CLANG_ENABLE_OBJC_ARC = YES;
				CLANG_ENABLE_OBJC_WEAK = YES;
				CLANG_WARN_BLOCK_CAPTURE_AUTORELEASING = YES;
				CLANG_WARN_BOOL_CONVERSION = YES;
				CLANG_WARN_COMMA = YES;
				CLANG_WARN_CONSTANT_CONVERSION = YES;
				CLANG_WARN_DEPRECATED_OBJC_IMPLEMENTATIONS = YES;
				CLANG_WARN_DIRECT_OBJC_ISA_USAGE = YES_ERROR;
				CLANG_WARN_DOCUMENTATION_COMMENTS = YES;
				CLANG_WARN_EMPTY_BODY = YES;
				CLANG_WARN_ENUM_CONVERSION = YES;
				CLANG_WARN_INFINITE_RECURSION = YES;
				CLANG_WARN_INT_CONVERSION = YES;
				CLANG_WARN_NON_LITERAL_NULL_CONVERSION = YES;
				CLANG_WARN_OBJC_IMPLICIT_RETAIN_SELF = YES;
				CLANG_WARN_OBJC_LITERAL_CONVERSION = YES;
				CLANG_WARN_OBJC_ROOT_CLASS = YES_ERROR;
				CLANG_WARN_QUOTED_INCLUDE_IN_FRAMEWORK_HEADER = YES;
				CLANG_WARN_RANGE_LOOP_ANALYSIS = YES;
				CLANG_WARN_STRICT_PROTOTYPES = YES;
				CLANG_WARN_SUSPICIOUS_MOVE = YES;
				CLANG_WARN_UNGUARDED_AVAILABILITY = YES_AGGRESSIVE;
				CLANG_WARN_UNREACHABLE_CODE = YES;
				CLANG_WARN__DUPLICATE_METHOD_MATCH = YES;
				COPY_PHASE_STRIP = NO;
				DEBUG_INFORMATION_FORMAT = "dwarf-with-dsym";
				ENABLE_NS_ASSERTIONS = NO;
				ENABLE_STRICT_OBJC_MSGSEND = YES;
				GCC_C_LANGUAGE_STANDARD = gnu11;
				GCC_NO_COMMON_BLOCKS = YES;
				GCC_WARN_64_TO_32_BIT_CONVERSION = YES;
				GCC_WARN_ABOUT_RETURN_TYPE = YES_ERROR;
				GCC_WARN_UNDECLARED_SELECTOR = YES;
				GCC_WARN_UNINITIALIZED_AUTOS = YES_AGGRESSIVE;
				GCC_WARN_UNUSED_FUNCTION = YES;
				GCC_WARN_UNUSED_VARIABLE = YES;
				MACOSX_DEPLOYMENT_TARGET = 13.0;
				MTL_ENABLE_DEBUG_INFO = NO;
				MTL_FAST_MATH = YES;
				SDKROOT = macosx;
			};
			name = Release;
		};
		50D1EA0F292D3C0E008E1415 /* Debug */ = {
			isa = XCBuildConfiguration;
			buildSettings = {
				CODE_SIGN_STYLE = Automatic;
				DEVELOPMENT_TEAM = 3NG65ZLYW7;
				ENABLE_HARDENED_RUNTIME = YES;
				PRODUCT_NAME = "$(TARGET_NAME)";
			};
			name = Debug;
		};
		50D1EA10292D3C0E008E1415 /* Release */ = {
			isa = XCBuildConfiguration;
			buildSettings = {
				CODE_SIGN_STYLE = Automatic;
				DEVELOPMENT_TEAM = 3NG65ZLYW7;
				ENABLE_HARDENED_RUNTIME = YES;
				PRODUCT_NAME = "$(TARGET_NAME)";
			};
			name = Release;
		};
/* End XCBuildConfiguration section */

/* Begin XCConfigurationList section */
		50D1EA02292D3C0E008E1415 /* Build configuration list for PBXProject "Peddle" */ = {
			isa = XCConfigurationList;
			buildConfigurations = (
				50D1EA0C292D3C0E008E1415 /* Debug */,
				50D1EA0D292D3C0E008E1415 /* Release */,
			);
			defaultConfigurationIsVisible = 0;
			defaultConfigurationName = Release;
		};
		50D1EA0E292D3C0E008E1415 /* Build configuration list for PBXNativeTarget "Peddle" */ = {
			isa = XCConfigurationList;
			buildConfigurations = (
				50D1EA0F292D3C0E008E1415 /* Debug */,
				50D1EA10292D3C0E008E1415 /* Release */,
			);
			defaultConfigurationIsVisible = 0;
			defaultConfigurationName = Release;
		};
/* End XCConfigurationList section */
	};
	rootObject = 50D1E9FF292D3C0E008E1415 /* Project object */;
}
